
Microsoft Visual Studio Solution File, Format Version 12.00
# Visual Studio Version 16
VisualStudioVersion = 16.0.31624.102
MinimumVisualStudioVersion = 10.0.40219.1
Project("{FAE04EC0-301F-11D3-BF4B-00C04F79EFBC}") = "Файловый менеджер", "Файловый менеджер.csproj", "{BFDC55B5-873C-49CA-8219-20792F06DBC4}"
EndProject
Global
	GlobalSection(SolutionConfigurationPlatforms) = preSolution
		Debug|Any CPU = Debug|Any CPU
		Release|Any CPU = Release|Any CPU
	EndGlobalSection
	GlobalSection(ProjectConfigurationPlatforms) = postSolution
		{BFDC55B5-873C-49CA-8219-20792F06DBC4}.Debug|Any CPU.ActiveCfg = Debug|Any CPU
		{BFDC55B5-873C-49CA-8219-20792F06DBC4}.Debug|Any CPU.Build.0 = Debug|Any CPU
		{BFDC55B5-873C-49CA-8219-20792F06DBC4}.Release|Any CPU.ActiveCfg = Release|Any CPU
		{BFDC55B5-873C-49CA-8219-20792F06DBC4}.Release|Any CPU.Build.0 = Release|Any CPU
	EndGlobalSection
	GlobalSection(SolutionProperties) = preSolution
		HideSolutionNode = FALSE
	EndGlobalSection
	GlobalSection(ExtensibilityGlobals) = postSolution
		SolutionGuid = {6D6E671D-EA28-4739-8729-5C49C070E1B7}
	EndGlobalSection
EndGlobal
